PODS:
  - Alamofire (4.5.1)
  - ATDebug (0.1.1):
    - ATFoundation
    - ATRequest
    - ATUIKit
    - GDPerformanceView-Swift (~> 1.3.2)
  - ATFoundation (0.1.3)
  - ATRequest (0.1.5):
    - Alamofire
    - HandyJSON (= 4.0.0-beta.1)
    - YYCache
  - ATUIKit (0.1.3)
  - GDPerformanceView-Swift (1.3.2)
  - HandyJSON (4.0.0-beta.1)
  - YYCache (1.0.4)

DEPENDENCIES:
  - ATDebug (from `../`)

EXTERNAL SOURCES:
  ATDebug:
    :path: ../

SPEC CHECKSUMS:
  Alamofire: 2d95912bf4c34f164fdfc335872e8c312acaea4a
  ATDebug: 2bf833fa8bfc4e38423718f8e6e94479a5e1c445
  ATFoundation: 6ecf7c852c29485b299cf5134e89b50d937a6dc2
  ATRequest: e77bddc3dfac0178455ff6805b4b2c95533b9ad3
  ATUIKit: 6e106a27911b5ac53e3bd0615285cdb3b2536010
  GDPerformanceView-Swift: a74cd679587b199e4526492b6e68ce61593c6123
  HandyJSON: 428bb18e2c34c2a77361accebf90cf64e4f74118
  YYCache: 8105b6638f5e849296c71f331ff83891a4942952

PODFILE CHECKSUM: 8559ace7157c9f110c5c59c8f64bf0d93ac031a9

COCOAPODS: 1.3.1
